
Microsoft Visual Studio Solution File, Format Version 12.00
Project("{FAE04EC0-301F-11D3-BF4B-00C04F79EFBC}") = "AdvancedCharp.Structures", "AdvancedCharp.Structures\AdvancedCharp.Structures.csproj", "{2C91E354-5779-4205-8FF0-69462401D327}"
EndProject
Global
	GlobalSection(SolutionConfigurationPlatforms) = preSolution
		Debug|Any CPU = Debug|Any CPU
		Release|Any CPU = Release|Any CPU
	EndGlobalSection
	GlobalSection(ProjectConfigurationPlatforms) = postSolution
		{2C91E354-5779-4205-8FF0-69462401D327}.Debug|Any CPU.ActiveCfg = Debug|Any CPU
		{2C91E354-5779-4205-8FF0-69462401D327}.Debug|Any CPU.Build.0 = Debug|Any CPU
		{2C91E354-5779-4205-8FF0-69462401D327}.Release|Any CPU.ActiveCfg = Release|Any CPU
		{2C91E354-5779-4205-8FF0-69462401D327}.Release|Any CPU.Build.0 = Release|Any CPU
	EndGlobalSection
EndGlobal
